
Microsoft Visual Studio Solution File, Format Version 11.00
# Visual Studio 2010
Project("{8BC9CEB8-8B4A-11D0-8D11-00A0C91BC942}") = "testfirst", "testfirst\testfirst.vcxproj", "{071C041E-CD8B-4F07-892E-83C8DDC94757}"
EndProject
Global
	GlobalSection(SolutionConfigurationPlatforms) = preSolution
		Debug|Win32 = Debug|Win32
		Release|Win32 = Release|Win32
	EndGlobalSection
	GlobalSection(ProjectConfigurationPlatforms) = postSolution
		{071C041E-CD8B-4F07-892E-83C8DDC94757}.Debug|Win32.ActiveCfg = Debug|Win32
		{071C041E-CD8B-4F07-892E-83C8DDC94757}.Debug|Win32.Build.0 = Debug|Win32
		{071C041E-CD8B-4F07-892E-83C8DDC94757}.Release|Win32.ActiveCfg = Release|Win32
		{071C041E-CD8B-4F07-892E-83C8DDC94757}.Release|Win32.Build.0 = Release|Win32
	EndGlobalSection
	GlobalSection(SolutionProperties) = preSolution
		HideSolutionNode = FALSE
	EndGlobalSection
EndGlobal
